
Microsoft Visual Studio Solution File, Format Version 12.00
# Visual Studio Version 17
VisualStudioVersion = 17.3.32811.315
MinimumVisualStudioVersion = 10.0.40219.1
Project("{FAE04EC0-301F-11D3-BF4B-00C04F79EFBC}") = "WorkingBeesAPI", "workingBeesAPI\WorkingBeesAPI.csproj", "{B268ABF0-9ACB-4B45-8983-9A1C39E4AEBB}"
EndProject
Project("{FAE04EC0-301F-11D3-BF4B-00C04F79EFBC}") = "WorkingBees.Core", "WorkingBees.Core\WorkingBees.Core.csproj", "{EBFA909D-4797-4EDC-8C3C-9FC4CC50F0BB}"
EndProject
Project("{FAE04EC0-301F-11D3-BF4B-00C04F79EFBC}") = "WorkingBees.Infra.Data", "WorkingBees.Infra.Data\WorkingBees.Infra.Data.csproj", "{466A9FBB-310F-4264-A12D-F4498ABD373D}"
EndProject
Global
	GlobalSection(SolutionConfigurationPlatforms) = preSolution
		Debug|Any CPU = Debug|Any CPU
		Release|Any CPU = Release|Any CPU
	EndGlobalSection
	GlobalSection(ProjectConfigurationPlatforms) = postSolution
		{B268ABF0-9ACB-4B45-8983-9A1C39E4AEBB}.Debug|Any CPU.ActiveCfg = Debug|Any CPU
		{B268ABF0-9ACB-4B45-8983-9A1C39E4AEBB}.Debug|Any CPU.Build.0 = Debug|Any CPU
		{B268ABF0-9ACB-4B45-8983-9A1C39E4AEBB}.Release|Any CPU.ActiveCfg = Release|Any CPU
		{B268ABF0-9ACB-4B45-8983-9A1C39E4AEBB}.Release|Any CPU.Build.0 = Release|Any CPU
		{EBFA909D-4797-4EDC-8C3C-9FC4CC50F0BB}.Debug|Any CPU.ActiveCfg = Debug|Any CPU
		{EBFA909D-4797-4EDC-8C3C-9FC4CC50F0BB}.Debug|Any CPU.Build.0 = Debug|Any CPU
		{EBFA909D-4797-4EDC-8C3C-9FC4CC50F0BB}.Release|Any CPU.ActiveCfg = Release|Any CPU
		{EBFA909D-4797-4EDC-8C3C-9FC4CC50F0BB}.Release|Any CPU.Build.0 = Release|Any CPU
		{466A9FBB-310F-4264-A12D-F4498ABD373D}.Debug|Any CPU.ActiveCfg = Debug|Any CPU
		{466A9FBB-310F-4264-A12D-F4498ABD373D}.Debug|Any CPU.Build.0 = Debug|Any CPU
		{466A9FBB-310F-4264-A12D-F4498ABD373D}.Release|Any CPU.ActiveCfg = Release|Any CPU
		{466A9FBB-310F-4264-A12D-F4498ABD373D}.Release|Any CPU.Build.0 = Release|Any CPU
	EndGlobalSection
	GlobalSection(SolutionProperties) = preSolution
		HideSolutionNode = FALSE
	EndGlobalSection
	GlobalSection(ExtensibilityGlobals) = postSolution
		SolutionGuid = {2B51FAA0-93B4-4B40-B0EC-E2C5D6513626}
	EndGlobalSection
EndGlobal
